// !$*UTF8*$!
{
	archiveVersion = 1;
	classes = {
	};
	objectVersion = 50;
	objects = {

/* Begin PBXBuildFile section */
		F1502E9724196E4000291B5D /* AppDelegate.swift in Sources */ = {isa = PBXBuildFile; fileRef = F1502E9624196E4000291B5D /* AppDelegate.swift */; };
		F1502E9924196E4000291B5D /* SceneDelegate.swift in Sources */ = {isa = PBXBuildFile; fileRef = F1502E9824196E4000291B5D /* SceneDelegate.swift */; };
		F1502EA024196E4300291B5D /* Assets.xcassets in Resources */ = {isa = PBXBuildFile; fileRef = F1502E9F24196E4300291B5D /* Assets.xcassets */; };
		F1502EA324196E4300291B5D /* LaunchScreen.storyboard in Resources */ = {isa = PBXBuildFile; fileRef = F1502EA124196E4300291B5D /* LaunchScreen.storyboard */; };
		F1502EAE24196E4300291B5D /* GittyTests.swift in Sources */ = {isa = PBXBuildFile; fileRef = F1502EAD24196E4300291B5D /* GittyTests.swift */; };
		F1502EB924196E4300291B5D /* GittyUITests.swift in Sources */ = {isa = PBXBuildFile; fileRef = F1502EB824196E4300291B5D /* GittyUITests.swift */; };
		F1502EC724196F6900291B5D /* RootViewController.swift in Sources */ = {isa = PBXBuildFile; fileRef = F1502EC624196F6900291B5D /* RootViewController.swift */; };
		F1502EC924196F7200291B5D /* RootView.swift in Sources */ = {isa = PBXBuildFile; fileRef = F1502EC824196F7200291B5D /* RootView.swift */; };
		F1502ED22419709D00291B5D /* NetworkService.swift in Sources */ = {isa = PBXBuildFile; fileRef = F1502ED12419709D00291B5D /* NetworkService.swift */; };
		F1502ED4241970D900291B5D /* GithubUserClient.swift in Sources */ = {isa = PBXBuildFile; fileRef = F1502ED3241970D900291B5D /* GithubUserClient.swift */; };
		F1502ED6241970F700291B5D /* GithubUser.swift in Sources */ = {isa = PBXBuildFile; fileRef = F1502ED5241970F700291B5D /* GithubUser.swift */; };
		F1502EDA2419724100291B5D /* StandardNetworkService.swift in Sources */ = {isa = PBXBuildFile; fileRef = F1502ED92419724100291B5D /* StandardNetworkService.swift */; };
		F1502EDC2419727200291B5D /* StandardGithubUserClient.swift in Sources */ = {isa = PBXBuildFile; fileRef = F1502EDB2419727200291B5D /* StandardGithubUserClient.swift */; };
		F1502EDF2419735A00291B5D /* UserSearchViewController.swift in Sources */ = {isa = PBXBuildFile; fileRef = F1502EDE2419735A00291B5D /* UserSearchViewController.swift */; };
		F1502EE12419736300291B5D /* UserSearchView.swift in Sources */ = {isa = PBXBuildFile; fileRef = F1502EE02419736300291B5D /* UserSearchView.swift */; };
		F1502EE4241973A800291B5D /* UserProfileView.swift in Sources */ = {isa = PBXBuildFile; fileRef = F1502EE3241973A800291B5D /* UserProfileView.swift */; };
		F1502EE6241973B100291B5D /* UserProfileViewController.swift in Sources */ = {isa = PBXBuildFile; fileRef = F1502EE5241973B100291B5D /* UserProfileViewController.swift */; };
/* End PBXBuildFile section */

/* Begin PBXContainerItemProxy section */
		F1502EAA24196E4300291B5D /* PBXContainerItemProxy */ = {
			isa = PBXContainerItemProxy;
			containerPortal = F1502E8B24196E4000291B5D /* Project object */;
			proxyType = 1;
			remoteGlobalIDString = F1502E9224196E4000291B5D;
			remoteInfo = Gitty;
		};
		F1502EB524196E4300291B5D /* PBXContainerItemProxy */ = {
			isa = PBXContainerItemProxy;
			containerPortal = F1502E8B24196E4000291B5D /* Project object */;
			proxyType = 1;
			remoteGlobalIDString = F1502E9224196E4000291B5D;
			remoteInfo = Gitty;
		};
/* End PBXContainerItemProxy section */

/* Begin PBXFileReference section */
		F1502E9324196E4000291B5D /* Gitty.app */ = {isa = PBXFileReference; explicitFileType = wrapper.application; includeInIndex = 0; path = Gitty.app; sourceTree = BUILT_PRODUCTS_DIR; };
		F1502E9624196E4000291B5D /* AppDelegate.swift */ = {isa = PBXFileReference; lastKnownFileType = sourcecode.swift; path = AppDelegate.swift; sourceTree = "<group>"; };
		F1502E9824196E4000291B5D /* SceneDelegate.swift */ = {isa = PBXFileReference; lastKnownFileType = sourcecode.swift; path = SceneDelegate.swift; sourceTree = "<group>"; };
		F1502E9F24196E4300291B5D /* Assets.xcassets */ = {isa = PBXFileReference; lastKnownFileType = folder.assetcatalog; path = Assets.xcassets; sourceTree = "<group>"; };
		F1502EA224196E4300291B5D /* Base */ = {isa = PBXFileReference; lastKnownFileType = file.storyboard; name = Base; path = Base.lproj/LaunchScreen.storyboard; sourceTree = "<group>"; };
		F1502EA424196E4300291B5D /* Info.plist */ = {isa = PBXFileReference; lastKnownFileType = text.plist.xml; path = Info.plist; sourceTree = "<group>"; };
		F1502EA924196E4300291B5D /* GittyTests.xctest */ = {isa = PBXFileReference; explicitFileType = wrapper.cfbundle; includeInIndex = 0; path = GittyTests.xctest; sourceTree = BUILT_PRODUCTS_DIR; };
		F1502EAD24196E4300291B5D /* GittyTests.swift */ = {isa = PBXFileReference; lastKnownFileType = sourcecode.swift; path = GittyTests.swift; sourceTree = "<group>"; };
		F1502EAF24196E4300291B5D /* Info.plist */ = {isa = PBXFileReference; lastKnownFileType = text.plist.xml; path = Info.plist; sourceTree = "<group>"; };
		F1502EB424196E4300291B5D /* GittyUITests.xctest */ = {isa = PBXFileReference; explicitFileType = wrapper.cfbundle; includeInIndex = 0; path = GittyUITests.xctest; sourceTree = BUILT_PRODUCTS_DIR; };
		F1502EB824196E4300291B5D /* GittyUITests.swift */ = {isa = PBXFileReference; lastKnownFileType = sourcecode.swift; path = GittyUITests.swift; sourceTree = "<group>"; };
		F1502EBA24196E4300291B5D /* Info.plist */ = {isa = PBXFileReference; lastKnownFileType = text.plist.xml; path = Info.plist; sourceTree = "<group>"; };
		F1502EC624196F6900291B5D /* RootViewController.swift */ = {isa = PBXFileReference; lastKnownFileType = sourcecode.swift; path = RootViewController.swift; sourceTree = "<group>"; };
		F1502EC824196F7200291B5D /* RootView.swift */ = {isa = PBXFileReference; lastKnownFileType = sourcecode.swift; path = RootView.swift; sourceTree = "<group>"; };
		F1502ED12419709D00291B5D /* NetworkService.swift */ = {isa = PBXFileReference; lastKnownFileType = sourcecode.swift; path = NetworkService.swift; sourceTree = "<group>"; };
		F1502ED3241970D900291B5D /* GithubUserClient.swift */ = {isa = PBXFileReference; lastKnownFileType = sourcecode.swift; path = GithubUserClient.swift; sourceTree = "<group>"; };
		F1502ED5241970F700291B5D /* GithubUser.swift */ = {isa = PBXFileReference; lastKnownFileType = sourcecode.swift; path = GithubUser.swift; sourceTree = "<group>"; };
		F1502ED92419724100291B5D /* StandardNetworkService.swift */ = {isa = PBXFileReference; lastKnownFileType = sourcecode.swift; path = StandardNetworkService.swift; sourceTree = "<group>"; };
		F1502EDB2419727200291B5D /* StandardGithubUserClient.swift */ = {isa = PBXFileReference; lastKnownFileType = sourcecode.swift; path = StandardGithubUserClient.swift; sourceTree = "<group>"; };
		F1502EDE2419735A00291B5D /* UserSearchViewController.swift */ = {isa = PBXFileReference; lastKnownFileType = sourcecode.swift; path = UserSearchViewController.swift; sourceTree = "<group>"; };
		F1502EE02419736300291B5D /* UserSearchView.swift */ = {isa = PBXFileReference; lastKnownFileType = sourcecode.swift; path = UserSearchView.swift; sourceTree = "<group>"; };
		F1502EE3241973A800291B5D /* UserProfileView.swift */ = {isa = PBXFileReference; lastKnownFileType = sourcecode.swift; path = UserProfileView.swift; sourceTree = "<group>"; };
		F1502EE5241973B100291B5D /* UserProfileViewController.swift */ = {isa = PBXFileReference; lastKnownFileType = sourcecode.swift; path = UserProfileViewController.swift; sourceTree = "<group>"; };
/* End PBXFileReference section */

/* Begin PBXFrameworksBuildPhase section */
		F1502E9024196E4000291B5D /* Frameworks */ = {
			isa = PBXFrameworksBuildPhase;
			buildActionMask = 2147483647;
			files = (
			);
			runOnlyForDeploymentPostprocessing = 0;
		};
		F1502EA624196E4300291B5D /* Frameworks */ = {
			isa = PBXFrameworksBuildPhase;
			buildActionMask = 2147483647;
			files = (
			);
			runOnlyForDeploymentPostprocessing = 0;
		};
		F1502EB124196E4300291B5D /* Frameworks */ = {
			isa = PBXFrameworksBuildPhase;
			buildActionMask = 2147483647;
			files = (
			);
			runOnlyForDeploymentPostprocessing = 0;
		};
/* End PBXFrameworksBuildPhase section */

/* Begin PBXGroup section */
		F1502E8A24196E4000291B5D = {
			isa = PBXGroup;
			children = (
				F1502E9524196E4000291B5D /* Gitty */,
				F1502EAC24196E4300291B5D /* GittyTests */,
				F1502EB724196E4300291B5D /* GittyUITests */,
				F1502E9424196E4000291B5D /* Products */,
			);
			sourceTree = "<group>";
		};
		F1502E9424196E4000291B5D /* Products */ = {
			isa = PBXGroup;
			children = (
				F1502E9324196E4000291B5D /* Gitty.app */,
				F1502EA924196E4300291B5D /* GittyTests.xctest */,
				F1502EB424196E4300291B5D /* GittyUITests.xctest */,
			);
			name = Products;
			sourceTree = "<group>";
		};
		F1502E9524196E4000291B5D /* Gitty */ = {
			isa = PBXGroup;
			children = (
				F1502ECA24196F8F00291B5D /* App files */,
				F1502ECE2419703600291B5D /* UI */,
				F1502ECD2419702F00291B5D /* Business */,
				F1502ECC2419702600291B5D /* Data */,
				F1502ECB2419701A00291B5D /* Resources */,
			);
			path = Gitty;
			sourceTree = "<group>";
		};
		F1502EAC24196E4300291B5D /* GittyTests */ = {
			isa = PBXGroup;
			children = (
				F1502EAD24196E4300291B5D /* GittyTests.swift */,
				F1502EAF24196E4300291B5D /* Info.plist */,
			);
			path = GittyTests;
			sourceTree = "<group>";
		};
		F1502EB724196E4300291B5D /* GittyUITests */ = {
			isa = PBXGroup;
			children = (
				F1502EB824196E4300291B5D /* GittyUITests.swift */,
				F1502EBA24196E4300291B5D /* Info.plist */,
			);
			path = GittyUITests;
			sourceTree = "<group>";
		};
		F1502ECA24196F8F00291B5D /* App files */ = {
			isa = PBXGroup;
			children = (
				F1502E9624196E4000291B5D /* AppDelegate.swift */,
				F1502E9824196E4000291B5D /* SceneDelegate.swift */,
				F1502EA124196E4300291B5D /* LaunchScreen.storyboard */,
				F1502EA424196E4300291B5D /* Info.plist */,
			);
			path = "App files";
			sourceTree = "<group>";
		};
		F1502ECB2419701A00291B5D /* Resources */ = {
			isa = PBXGroup;
			children = (
				F1502E9F24196E4300291B5D /* Assets.xcassets */,
			);
			path = Resources;
			sourceTree = "<group>";
		};
		F1502ECC2419702600291B5D /* Data */ = {
			isa = PBXGroup;
			children = (
				F1502ED82419722E00291B5D /* StandardService */,
				F1502ED02419708D00291B5D /* Protocols */,
				F1502ED7241970FC00291B5D /* Model */,
			);
			path = Data;
			sourceTree = "<group>";
		};
		F1502ECD2419702F00291B5D /* Business */ = {
			isa = PBXGroup;
			children = (
			);
			path = Business;
			sourceTree = "<group>";
		};
		F1502ECE2419703600291B5D /* UI */ = {
			isa = PBXGroup;
			children = (
				F1502ECF2419703E00291B5D /* Root */,
				F1502EDD2419733900291B5D /* Search */,
				F1502EE22419739700291B5D /* Profile */,
			);
			path = UI;
			sourceTree = "<group>";
		};
		F1502ECF2419703E00291B5D /* Root */ = {
			isa = PBXGroup;
			children = (
				F1502EC624196F6900291B5D /* RootViewController.swift */,
				F1502EC824196F7200291B5D /* RootView.swift */,
			);
			path = Root;
			sourceTree = "<group>";
		};
		F1502ED02419708D00291B5D /* Protocols */ = {
			isa = PBXGroup;
			children = (
				F1502ED12419709D00291B5D /* NetworkService.swift */,
				F1502ED3241970D900291B5D /* GithubUserClient.swift */,
			);
			path = Protocols;
			sourceTree = "<group>";
		};
		F1502ED7241970FC00291B5D /* Model */ = {
			isa = PBXGroup;
			children = (
				F1502ED5241970F700291B5D /* GithubUser.swift */,
			);
			path = Model;
			sourceTree = "<group>";
		};
		F1502ED82419722E00291B5D /* StandardService */ = {
			isa = PBXGroup;
			children = (
				F1502ED92419724100291B5D /* StandardNetworkService.swift */,
				F1502EDB2419727200291B5D /* StandardGithubUserClient.swift */,
			);
			path = StandardService;
			sourceTree = "<group>";
		};
		F1502EDD2419733900291B5D /* Search */ = {
			isa = PBXGroup;
			children = (
				F1502EDE2419735A00291B5D /* UserSearchViewController.swift */,
				F1502EE02419736300291B5D /* UserSearchView.swift */,
			);
			path = Search;
			sourceTree = "<group>";
		};
		F1502EE22419739700291B5D /* Profile */ = {
			isa = PBXGroup;
			children = (
				F1502EE5241973B100291B5D /* UserProfileViewController.swift */,
				F1502EE3241973A800291B5D /* UserProfileView.swift */,
			);
			path = Profile;
			sourceTree = "<group>";
		};
/* End PBXGroup section */

/* Begin PBXNativeTarget section */
		F1502E9224196E4000291B5D /* Gitty */ = {
			isa = PBXNativeTarget;
			buildConfigurationList = F1502EBD24196E4300291B5D /* Build configuration list for PBXNativeTarget "Gitty" */;
			buildPhases = (
				F1502E8F24196E4000291B5D /* Sources */,
				F1502E9024196E4000291B5D /* Frameworks */,
				F1502E9124196E4000291B5D /* Resources */,
			);
			buildRules = (
			);
			dependencies = (
			);
			name = Gitty;
			productName = Gitty;
			productReference = F1502E9324196E4000291B5D /* Gitty.app */;
			productType = "com.apple.product-type.application";
		};
		F1502EA824196E4300291B5D /* GittyTests */ = {
			isa = PBXNativeTarget;
			buildConfigurationList = F1502EC024196E4300291B5D /* Build configuration list for PBXNativeTarget "GittyTests" */;
			buildPhases = (
				F1502EA524196E4300291B5D /* Sources */,
				F1502EA624196E4300291B5D /* Frameworks */,
				F1502EA724196E4300291B5D /* Resources */,
			);
			buildRules = (
			);
			dependencies = (
				F1502EAB24196E4300291B5D /* PBXTargetDependency */,
			);
			name = GittyTests;
			productName = GittyTests;
			productReference = F1502EA924196E4300291B5D /* GittyTests.xctest */;
			productType = "com.apple.product-type.bundle.unit-test";
		};
		F1502EB324196E4300291B5D /* GittyUITests */ = {
			isa = PBXNativeTarget;
			buildConfigurationList = F1502EC324196E4300291B5D /* Build configuration list for PBXNativeTarget "GittyUITests" */;
			buildPhases = (
				F1502EB024196E4300291B5D /* Sources */,
				F1502EB124196E4300291B5D /* Frameworks */,
				F1502EB224196E4300291B5D /* Resources */,
			);
			buildRules = (
			);
			dependencies = (
				F1502EB624196E4300291B5D /* PBXTargetDependency */,
			);
			name = GittyUITests;
			productName = GittyUITests;
			productReference = F1502EB424196E4300291B5D /* GittyUITests.xctest */;
			productType = "com.apple.product-type.bundle.ui-testing";
		};
/* End PBXNativeTarget section */

/* Begin PBXProject section */
		F1502E8B24196E4000291B5D /* Project object */ = {
			isa = PBXProject;
			attributes = {
				LastSwiftUpdateCheck = 1130;
				LastUpgradeCheck = 1130;
				ORGANIZATIONNAME = nelsonje;
				TargetAttributes = {
					F1502E9224196E4000291B5D = {
						CreatedOnToolsVersion = 11.3.1;
					};
					F1502EA824196E4300291B5D = {
						CreatedOnToolsVersion = 11.3.1;
						TestTargetID = F1502E9224196E4000291B5D;
					};
					F1502EB324196E4300291B5D = {
						CreatedOnToolsVersion = 11.3.1;
						TestTargetID = F1502E9224196E4000291B5D;
					};
				};
			};
			buildConfigurationList = F1502E8E24196E4000291B5D /* Build configuration list for PBXProject "Gitty" */;
			compatibilityVersion = "Xcode 9.3";
			developmentRegion = en;
			hasScannedForEncodings = 0;
			knownRegions = (
				en,
				Base,
			);
			mainGroup = F1502E8A24196E4000291B5D;
			productRefGroup = F1502E9424196E4000291B5D /* Products */;
			projectDirPath = "";
			projectRoot = "";
			targets = (
				F1502E9224196E4000291B5D /* Gitty */,
				F1502EA824196E4300291B5D /* GittyTests */,
				F1502EB324196E4300291B5D /* GittyUITests */,
			);
		};
/* End PBXProject section */

/* Begin PBXResourcesBuildPhase section */
		F1502E9124196E4000291B5D /* Resources */ = {
			isa = PBXResourcesBuildPhase;
			buildActionMask = 2147483647;
			files = (
				F1502EA324196E4300291B5D /* LaunchScreen.storyboard in Resources */,
				F1502EA024196E4300291B5D /* Assets.xcassets in Resources */,
			);
			runOnlyForDeploymentPostprocessing = 0;
		};
		F1502EA724196E4300291B5D /* Resources */ = {
			isa = PBXResourcesBuildPhase;
			buildActionMask = 2147483647;
			files = (
			);
			runOnlyForDeploymentPostprocessing = 0;
		};
		F1502EB224196E4300291B5D /* Resources */ = {
			isa = PBXResourcesBuildPhase;
			buildActionMask = 2147483647;
			files = (
			);
			runOnlyForDeploymentPostprocessing = 0;
		};
/* End PBXResourcesBuildPhase section */

/* Begin PBXSourcesBuildPhase section */
		F1502E8F24196E4000291B5D /* Sources */ = {
			isa = PBXSourcesBuildPhase;
			buildActionMask = 2147483647;
			files = (
				F1502EDA2419724100291B5D /* StandardNetworkService.swift in Sources */,
				F1502ED22419709D00291B5D /* NetworkService.swift in Sources */,
				F1502EE12419736300291B5D /* UserSearchView.swift in Sources */,
				F1502E9724196E4000291B5D /* AppDelegate.swift in Sources */,
				F1502ED4241970D900291B5D /* GithubUserClient.swift in Sources */,
				F1502EDC2419727200291B5D /* StandardGithubUserClient.swift in Sources */,
				F1502EC724196F6900291B5D /* RootViewController.swift in Sources */,
				F1502EE4241973A800291B5D /* UserProfileView.swift in Sources */,
				F1502EE6241973B100291B5D /* UserProfileViewController.swift in Sources */,
				F1502ED6241970F700291B5D /* GithubUser.swift in Sources */,
				F1502E9924196E4000291B5D /* SceneDelegate.swift in Sources */,
				F1502EC924196F7200291B5D /* RootView.swift in Sources */,
				F1502EDF2419735A00291B5D /* UserSearchViewController.swift in Sources */,
			);
			runOnlyForDeploymentPostprocessing = 0;
		};
		F1502EA524196E4300291B5D /* Sources */ = {
			isa = PBXSourcesBuildPhase;
			buildActionMask = 2147483647;
			files = (
				F1502EAE24196E4300291B5D /* GittyTests.swift in Sources */,
			);
			runOnlyForDeploymentPostprocessing = 0;
		};
		F1502EB024196E4300291B5D /* Sources */ = {
			isa = PBXSourcesBuildPhase;
			buildActionMask = 2147483647;
			files = (
				F1502EB924196E4300291B5D /* GittyUITests.swift in Sources */,
			);
			runOnlyForDeploymentPostprocessing = 0;
		};
/* End PBXSourcesBuildPhase section */

/* Begin PBXTargetDependency section */
		F1502EAB24196E4300291B5D /* PBXTargetDependency */ = {
			isa = PBXTargetDependency;
			target = F1502E9224196E4000291B5D /* Gitty */;
			targetProxy = F1502EAA24196E4300291B5D /* PBXContainerItemProxy */;
		};
		F1502EB624196E4300291B5D /* PBXTargetDependency */ = {
			isa = PBXTargetDependency;
			target = F1502E9224196E4000291B5D /* Gitty */;
			targetProxy = F1502EB524196E4300291B5D /* PBXContainerItemProxy */;
		};
/* End PBXTargetDependency section */

/* Begin PBXVariantGroup section */
		F1502EA124196E4300291B5D /* LaunchScreen.storyboard */ = {
			isa = PBXVariantGroup;
			children = (
				F1502EA224196E4300291B5D /* Base */,
			);
			name = LaunchScreen.storyboard;
			sourceTree = "<group>";
		};
/* End PBXVariantGroup section */

/* Begin XCBuildConfiguration section */
		F1502EBB24196E4300291B5D /* Debug */ = {
			isa = XCBuildConfiguration;
			buildSettings = {
				ALWAYS_SEARCH_USER_PATHS = NO;
				CLANG_ANALYZER_NONNULL = YES;
				CLANG_ANALYZER_NUMBER_OBJECT_CONVERSION = YES_AGGRESSIVE;
				CLANG_CXX_LANGUAGE_STANDARD = "gnu++14";
				CLANG_CXX_LIBRARY = "libc++";
				CLANG_ENABLE_MODULES = YES;
				CLANG_ENABLE_OBJC_ARC = YES;
				CLANG_ENABLE_OBJC_WEAK = YES;
				CLANG_WARN_BLOCK_CAPTURE_AUTORELEASING = YES;
				CLANG_WARN_BOOL_CONVERSION = YES;
				CLANG_WARN_COMMA = YES;
				CLANG_WARN_CONSTANT_CONVERSION = YES;
				CLANG_WARN_DEPRECATED_OBJC_IMPLEMENTATIONS = YES;
				CLANG_WARN_DIRECT_OBJC_ISA_USAGE = YES_ERROR;
				CLANG_WARN_DOCUMENTATION_COMMENTS = YES;
				CLANG_WARN_EMPTY_BODY = YES;
				CLANG_WARN_ENUM_CONVERSION = YES;
				CLANG_WARN_INFINITE_RECURSION = YES;
				CLANG_WARN_INT_CONVERSION = YES;
				CLANG_WARN_NON_LITERAL_NULL_CONVERSION = YES;
				CLANG_WARN_OBJC_IMPLICIT_RETAIN_SELF = YES;
				CLANG_WARN_OBJC_LITERAL_CONVERSION = YES;
				CLANG_WARN_OBJC_ROOT_CLASS = YES_ERROR;
				CLANG_WARN_RANGE_LOOP_ANALYSIS = YES;
				CLANG_WARN_STRICT_PROTOTYPES = YES;
				CLANG_WARN_SUSPICIOUS_MOVE = YES;
				CLANG_WARN_UNGUARDED_AVAILABILITY = YES_AGGRESSIVE;
				CLANG_WARN_UNREACHABLE_CODE = YES;
				CLANG_WARN__DUPLICATE_METHOD_MATCH = YES;
				COPY_PHASE_STRIP = NO;
				DEBUG_INFORMATION_FORMAT = dwarf;
				ENABLE_STRICT_OBJC_MSGSEND = YES;
				ENABLE_TESTABILITY = YES;
				GCC_C_LANGUAGE_STANDARD = gnu11;
				GCC_DYNAMIC_NO_PIC = NO;
				GCC_NO_COMMON_BLOCKS = YES;
				GCC_OPTIMIZATION_LEVEL = 0;
				GCC_PREPROCESSOR_DEFINITIONS = (
					"DEBUG=1",
					"$(inherited)",
				);
				GCC_WARN_64_TO_32_BIT_CONVERSION = YES;
				GCC_WARN_ABOUT_RETURN_TYPE = YES_ERROR;
				GCC_WARN_UNDECLARED_SELECTOR = YES;
				GCC_WARN_UNINITIALIZED_AUTOS = YES_AGGRESSIVE;
				GCC_WARN_UNUSED_FUNCTION = YES;
				GCC_WARN_UNUSED_VARIABLE = YES;
				IPHONEOS_DEPLOYMENT_TARGET = 13.2;
				MTL_ENABLE_DEBUG_INFO = INCLUDE_SOURCE;
				MTL_FAST_MATH = YES;
				ONLY_ACTIVE_ARCH = YES;
				SDKROOT = iphoneos;
				SWIFT_ACTIVE_COMPILATION_CONDITIONS = DEBUG;
				SWIFT_OPTIMIZATION_LEVEL = "-Onone";
			};
			name = Debug;
		};
		F1502EBC24196E4300291B5D /* Release */ = {
			isa = XCBuildConfiguration;
			buildSettings = {
				ALWAYS_SEARCH_USER_PATHS = NO;
				CLANG_ANALYZER_NONNULL = YES;
				CLANG_ANALYZER_NUMBER_OBJECT_CONVERSION = YES_AGGRESSIVE;
				CLANG_CXX_LANGUAGE_STANDARD = "gnu++14";
				CLANG_CXX_LIBRARY = "libc++";
				CLANG_ENABLE_MODULES = YES;
				CLANG_ENABLE_OBJC_ARC = YES;
				CLANG_ENABLE_OBJC_WEAK = YES;
				CLANG_WARN_BLOCK_CAPTURE_AUTORELEASING = YES;
				CLANG_WARN_BOOL_CONVERSION = YES;
				CLANG_WARN_COMMA = YES;
				CLANG_WARN_CONSTANT_CONVERSION = YES;
				CLANG_WARN_DEPRECATED_OBJC_IMPLEMENTATIONS = YES;
				CLANG_WARN_DIRECT_OBJC_ISA_USAGE = YES_ERROR;
				CLANG_WARN_DOCUMENTATION_COMMENTS = YES;
				CLANG_WARN_EMPTY_BODY = YES;
				CLANG_WARN_ENUM_CONVERSION = YES;
				CLANG_WARN_INFINITE_RECURSION = YES;
				CLANG_WARN_INT_CONVERSION = YES;
				CLANG_WARN_NON_LITERAL_NULL_CONVERSION = YES;
				CLANG_WARN_OBJC_IMPLICIT_RETAIN_SELF = YES;
				CLANG_WARN_OBJC_LITERAL_CONVERSION = YES;
				CLANG_WARN_OBJC_ROOT_CLASS = YES_ERROR;
				CLANG_WARN_RANGE_LOOP_ANALYSIS = YES;
				CLANG_WARN_STRICT_PROTOTYPES = YES;
				CLANG_WARN_SUSPICIOUS_MOVE = YES;
				CLANG_WARN_UNGUARDED_AVAILABILITY = YES_AGGRESSIVE;
				CLANG_WARN_UNREACHABLE_CODE = YES;
				CLANG_WARN__DUPLICATE_METHOD_MATCH = YES;
				COPY_PHASE_STRIP = NO;
				DEBUG_INFORMATION_FORMAT = "dwarf-with-dsym";
				ENABLE_NS_ASSERTIONS = NO;
				ENABLE_STRICT_OBJC_MSGSEND = YES;
				GCC_C_LANGUAGE_STANDARD = gnu11;
				GCC_NO_COMMON_BLOCKS = YES;
				GCC_WARN_64_TO_32_BIT_CONVERSION = YES;
				GCC_WARN_ABOUT_RETURN_TYPE = YES_ERROR;
				GCC_WARN_UNDECLARED_SELECTOR = YES;
				GCC_WARN_UNINITIALIZED_AUTOS = YES_AGGRESSIVE;
				GCC_WARN_UNUSED_FUNCTION = YES;
				GCC_WARN_UNUSED_VARIABLE = YES;
				IPHONEOS_DEPLOYMENT_TARGET = 13.2;
				MTL_ENABLE_DEBUG_INFO = NO;
				MTL_FAST_MATH = YES;
				SDKROOT = iphoneos;
				SWIFT_COMPILATION_MODE = wholemodule;
				SWIFT_OPTIMIZATION_LEVEL = "-O";
				VALIDATE_PRODUCT = YES;
			};
			name = Release;
		};
		F1502EBE24196E4300291B5D /* Debug */ = {
			isa = XCBuildConfiguration;
			buildSettings = {
				ASSETCATALOG_COMPILER_APPICON_NAME = AppIcon;
				CODE_SIGN_STYLE = Automatic;
				DEVELOPMENT_TEAM = 2RF92UCMKX;
				INFOPLIST_FILE = "Gitty/App files/Info.plist";
				LD_RUNPATH_SEARCH_PATHS = (
					"$(inherited)",
					"@executable_path/Frameworks",
				);
				PRODUCT_BUNDLE_IDENTIFIER = com.nelsonje.Gitty;
				PRODUCT_NAME = "$(TARGET_NAME)";
				SWIFT_VERSION = 5.0;
				TARGETED_DEVICE_FAMILY = "1,2";
			};
			name = Debug;
		};
		F1502EBF24196E4300291B5D /* Release */ = {
			isa = XCBuildConfiguration;
			buildSettings = {
				ASSETCATALOG_COMPILER_APPICON_NAME = AppIcon;
				CODE_SIGN_STYLE = Automatic;
				DEVELOPMENT_TEAM = 2RF92UCMKX;
				INFOPLIST_FILE = "Gitty/App files/Info.plist";
				LD_RUNPATH_SEARCH_PATHS = (
					"$(inherited)",
					"@executable_path/Frameworks",
				);
				PRODUCT_BUNDLE_IDENTIFIER = com.nelsonje.Gitty;
				PRODUCT_NAME = "$(TARGET_NAME)";
				SWIFT_VERSION = 5.0;
				TARGETED_DEVICE_FAMILY = "1,2";
			};
			name = Release;
		};
		F1502EC124196E4300291B5D /* Debug */ = {
			isa = XCBuildConfiguration;
			buildSettings = {
				ALWAYS_EMBED_SWIFT_STANDARD_LIBRARIES = YES;
				BUNDLE_LOADER = "$(TEST_HOST)";
				CODE_SIGN_STYLE = Automatic;
				DEVELOPMENT_TEAM = 2RF92UCMKX;
				INFOPLIST_FILE = GittyTests/Info.plist;
				IPHONEOS_DEPLOYMENT_TARGET = 13.2;
				LD_RUNPATH_SEARCH_PATHS = (
					"$(inherited)",
					"@executable_path/Frameworks",
					"@loader_path/Frameworks",
				);
				PRODUCT_BUNDLE_IDENTIFIER = com.nelsonje.GittyTests;
				PRODUCT_NAME = "$(TARGET_NAME)";
				SWIFT_VERSION = 5.0;
				TARGETED_DEVICE_FAMILY = "1,2";
				TEST_HOST = "$(BUILT_PRODUCTS_DIR)/Gitty.app/Gitty";
			};
			name = Debug;
		};
		F1502EC224196E4300291B5D /* Release */ = {
			isa = XCBuildConfiguration;
			buildSettings = {
				ALWAYS_EMBED_SWIFT_STANDARD_LIBRARIES = YES;
				BUNDLE_LOADER = "$(TEST_HOST)";
				CODE_SIGN_STYLE = Automatic;
				DEVELOPMENT_TEAM = 2RF92UCMKX;
				INFOPLIST_FILE = GittyTests/Info.plist;
				IPHONEOS_DEPLOYMENT_TARGET = 13.2;
				LD_RUNPATH_SEARCH_PATHS = (
					"$(inherited)",
					"@executable_path/Frameworks",
					"@loader_path/Frameworks",
				);
				PRODUCT_BUNDLE_IDENTIFIER = com.nelsonje.GittyTests;
				PRODUCT_NAME = "$(TARGET_NAME)";
				SWIFT_VERSION = 5.0;
				TARGETED_DEVICE_FAMILY = "1,2";
				TEST_HOST = "$(BUILT_PRODUCTS_DIR)/Gitty.app/Gitty";
			};
			name = Release;
		};
		F1502EC424196E4300291B5D /* Debug */ = {
			isa = XCBuildConfiguration;
			buildSettings = {
				ALWAYS_EMBED_SWIFT_STANDARD_LIBRARIES = YES;
				CODE_SIGN_STYLE = Automatic;
				DEVELOPMENT_TEAM = 2RF92UCMKX;
				INFOPLIST_FILE = GittyUITests/Info.plist;
				LD_RUNPATH_SEARCH_PATHS = (
					"$(inherited)",
					"@executable_path/Frameworks",
					"@loader_path/Frameworks",
				);
				PRODUCT_BUNDLE_IDENTIFIER = com.nelsonje.GittyUITests;
				PRODUCT_NAME = "$(TARGET_NAME)";
				SWIFT_VERSION = 5.0;
				TARGETED_DEVICE_FAMILY = "1,2";
				TEST_TARGET_NAME = Gitty;
			};
			name = Debug;
		};
		F1502EC524196E4300291B5D /* Release */ = {
			isa = XCBuildConfiguration;
			buildSettings = {
				ALWAYS_EMBED_SWIFT_STANDARD_LIBRARIES = YES;
				CODE_SIGN_STYLE = Automatic;
				DEVELOPMENT_TEAM = 2RF92UCMKX;
				INFOPLIST_FILE = GittyUITests/Info.plist;
				LD_RUNPATH_SEARCH_PATHS = (
					"$(inherited)",
					"@executable_path/Frameworks",
					"@loader_path/Frameworks",
				);
				PRODUCT_BUNDLE_IDENTIFIER = com.nelsonje.GittyUITests;
				PRODUCT_NAME = "$(TARGET_NAME)";
				SWIFT_VERSION = 5.0;
				TARGETED_DEVICE_FAMILY = "1,2";
				TEST_TARGET_NAME = Gitty;
			};
			name = Release;
		};
/* End XCBuildConfiguration section */

/* Begin XCConfigurationList section */
		F1502E8E24196E4000291B5D /* Build configuration list for PBXProject "Gitty" */ = {
			isa = XCConfigurationList;
			buildConfigurations = (
				F1502EBB24196E4300291B5D /* Debug */,
				F1502EBC24196E4300291B5D /* Release */,
			);
			defaultConfigurationIsVisible = 0;
			defaultConfigurationName = Release;
		};
		F1502EBD24196E4300291B5D /* Build configuration list for PBXNativeTarget "Gitty" */ = {
			isa = XCConfigurationList;
			buildConfigurations = (
				F1502EBE24196E4300291B5D /* Debug */,
				F1502EBF24196E4300291B5D /* Release */,
			);
			defaultConfigurationIsVisible = 0;
			defaultConfigurationName = Release;
		};
		F1502EC024196E4300291B5D /* Build configuration list for PBXNativeTarget "GittyTests" */ = {
			isa = XCConfigurationList;
			buildConfigurations = (
				F1502EC124196E4300291B5D /* Debug */,
				F1502EC224196E4300291B5D /* Release */,
			);
			defaultConfigurationIsVisible = 0;
			defaultConfigurationName = Release;
		};
		F1502EC324196E4300291B5D /* Build configuration list for PBXNativeTarget "GittyUITests" */ = {
			isa = XCConfigurationList;
			buildConfigurations = (
				F1502EC424196E4300291B5D /* Debug */,
				F1502EC524196E4300291B5D /* Release */,
			);
			defaultConfigurationIsVisible = 0;
			defaultConfigurationName = Release;
		};
/* End XCConfigurationList section */
	};
	rootObject = F1502E8B24196E4000291B5D /* Project object */;
}
